Microsoft Visual Studio Solution File, Format Version 12.00
# Visual Studio Version 17
VisualStudioVersion = 17.5.2.0
MinimumVisualStudioVersion = 10.0.40219.1
Project("{FAE04EC0-301F-11D3-BF4B-00C04F79EFBC}") = "RealEstateWebsite", "RealEstateWebsite.csproj", "{33AA4D02-E7DB-1587-57C1-3DA56C25231C}"
EndProject
Global
	GlobalSection(SolutionConfigurationPlatforms) = preSolution
		Debug|Any CPU = Debug|Any CPU
		Release|Any CPU = Release|Any CPU
	EndGlobalSection
	GlobalSection(ProjectConfigurationPlatforms) = postSolution
		{33AA4D02-E7DB-1587-57C1-3DA56C25231C}.Debug|Any CPU.ActiveCfg = Debug|Any CPU
		{33AA4D02-E7DB-1587-57C1-3DA56C25231C}.Debug|Any CPU.Build.0 = Debug|Any CPU
		{33AA4D02-E7DB-1587-57C1-3DA56C25231C}.Release|Any CPU.ActiveCfg = Release|Any CPU
		{33AA4D02-E7DB-1587-57C1-3DA56C25231C}.Release|Any CPU.Build.0 = Release|Any CPU
	EndGlobalSection
	GlobalSection(SolutionProperties) = preSolution
		HideSolutionNode = FALSE
	EndGlobalSection
	GlobalSection(ExtensibilityGlobals) = postSolution
		SolutionGuid = {ACF6B971-6081-407D-8233-1E446E307F3E}
	EndGlobalSection
EndGlobal
